
Microsoft Visual Studio Solution File, Format Version 12.00
# Visual Studio 14
VisualStudioVersion = 14.0.25420.1
MinimumVisualStudioVersion = 10.0.40219.1
Project("{FAE04EC0-301F-11D3-BF4B-00C04F79EFBC}") = "Moksi", "Moksi\Moksi.csproj", "{6ADE6441-156A-49D3-9C41-EA31F3A3D11F}"
EndProject
Project("{FAE04EC0-301F-11D3-BF4B-00C04F79EFBC}") = "ACE", "ACE\ACE.csproj", "{FAB23453-9997-4DF5-B144-3427EAB0226B}"
EndProject
Global
	GlobalSection(SolutionConfigurationPlatforms) = preSolution
		Debug|Any CPU = Debug|Any CPU
		Release|Any CPU = Release|Any CPU
	EndGlobalSection
	GlobalSection(ProjectConfigurationPlatforms) = postSolution
		{6ADE6441-156A-49D3-9C41-EA31F3A3D11F}.Debug|Any CPU.ActiveCfg = Debug|Any CPU
		{6ADE6441-156A-49D3-9C41-EA31F3A3D11F}.Debug|Any CPU.Build.0 = Debug|Any CPU
		{6ADE6441-156A-49D3-9C41-EA31F3A3D11F}.Release|Any CPU.ActiveCfg = Release|Any CPU
		{6ADE6441-156A-49D3-9C41-EA31F3A3D11F}.Release|Any CPU.Build.0 = Release|Any CPU
		{FAB23453-9997-4DF5-B144-3427EAB0226B}.Debug|Any CPU.ActiveCfg = Debug|Any CPU
		{FAB23453-9997-4DF5-B144-3427EAB0226B}.Debug|Any CPU.Build.0 = Debug|Any CPU
		{FAB23453-9997-4DF5-B144-3427EAB0226B}.Release|Any CPU.ActiveCfg = Release|Any CPU
		{FAB23453-9997-4DF5-B144-3427EAB0226B}.Release|Any CPU.Build.0 = Release|Any CPU
	EndGlobalSection
	GlobalSection(SolutionProperties) = preSolution
		HideSolutionNode = FALSE
	EndGlobalSection
EndGlobal
